// !$*UTF8*$!
{
	archiveVersion = 1;
	classes = {
	};
	objectVersion = 50;
	objects = {

/* Begin PBXBuildFile section */
		1A7A014ED1DDBD29ACAF79BC /* Pods_ShukudaiQiita.framework in Frameworks */ = {isa = PBXBuildFile; fileRef = 827F42949FC42BEA9A2DB500 /* Pods_ShukudaiQiita.framework */; };
		3B1C610725AF2C55008BAF90 /* AppDelegate.swift in Sources */ = {isa = PBXBuildFile; fileRef = 3B1C610625AF2C55008BAF90 /* AppDelegate.swift */; };
		3B1C610925AF2C55008BAF90 /* SceneDelegate.swift in Sources */ = {isa = PBXBuildFile; fileRef = 3B1C610825AF2C55008BAF90 /* SceneDelegate.swift */; };
		3B1C610B25AF2C55008BAF90 /* ViewController.swift in Sources */ = {isa = PBXBuildFile; fileRef = 3B1C610A25AF2C55008BAF90 /* ViewController.swift */; };
		3B1C610E25AF2C55008BAF90 /* Main.storyboard in Resources */ = {isa = PBXBuildFile; fileRef = 3B1C610C25AF2C55008BAF90 /* Main.storyboard */; };
		3B1C611025AF2C58008BAF90 /* Assets.xcassets in Resources */ = {isa = PBXBuildFile; fileRef = 3B1C610F25AF2C58008BAF90 /* Assets.xcassets */; };
		3B1C611325AF2C58008BAF90 /* LaunchScreen.storyboard in Resources */ = {isa = PBXBuildFile; fileRef = 3B1C611125AF2C58008BAF90 /* LaunchScreen.storyboard */; };
/* End PBXBuildFile section */

/* Begin PBXFileReference section */
		3B1C610325AF2C55008BAF90 /* ShukudaiQiita.app */ = {isa = PBXFileReference; explicitFileType = wrapper.application; includeInIndex = 0; path = ShukudaiQiita.app; sourceTree = BUILT_PRODUCTS_DIR; };
		3B1C610625AF2C55008BAF90 /* AppDelegate.swift */ = {isa = PBXFileReference; lastKnownFileType = sourcecode.swift; path = AppDelegate.swift; sourceTree = "<group>"; };
		3B1C610825AF2C55008BAF90 /* SceneDelegate.swift */ = {isa = PBXFileReference; lastKnownFileType = sourcecode.swift; path = SceneDelegate.swift; sourceTree = "<group>"; };
		3B1C610A25AF2C55008BAF90 /* ViewController.swift */ = {isa = PBXFileReference; lastKnownFileType = sourcecode.swift; path = ViewController.swift; sourceTree = "<group>"; };
		3B1C610D25AF2C55008BAF90 /* Base */ = {isa = PBXFileReference; lastKnownFileType = file.storyboard; name = Base; path = Base.lproj/Main.storyboard; sourceTree = "<group>"; };
		3B1C610F25AF2C58008BAF90 /* Assets.xcassets */ = {isa = PBXFileReference; lastKnownFileType = folder.assetcatalog; path = Assets.xcassets; sourceTree = "<group>"; };
		3B1C611225AF2C58008BAF90 /* Base */ = {isa = PBXFileReference; lastKnownFileType = file.storyboard; name = Base; path = Base.lproj/LaunchScreen.storyboard; sourceTree = "<group>"; };
		3B1C611425AF2C58008BAF90 /* Info.plist */ = {isa = PBXFileReference; lastKnownFileType = text.plist.xml; path = Info.plist; sourceTree = "<group>"; };
		771FDBACC27BBEB38CD78E78 /* Pods-ShukudaiQiita.debug.xcconfig */ = {isa = PBXFileReference; includeInIndex = 1; lastKnownFileType = text.xcconfig; name = "Pods-ShukudaiQiita.debug.xcconfig"; path = "Target Support Files/Pods-ShukudaiQiita/Pods-ShukudaiQiita.debug.xcconfig"; sourceTree = "<group>"; };
		827F42949FC42BEA9A2DB500 /* Pods_ShukudaiQiita.framework */ = {isa = PBXFileReference; explicitFileType = wrapper.framework; includeInIndex = 0; path = Pods_ShukudaiQiita.framework; sourceTree = BUILT_PRODUCTS_DIR; };
		B36406D66A24B86CB90D526F /* Pods-ShukudaiQiita.release.xcconfig */ = {isa = PBXFileReference; includeInIndex = 1; lastKnownFileType = text.xcconfig; name = "Pods-ShukudaiQiita.release.xcconfig"; path = "Target Support Files/Pods-ShukudaiQiita/Pods-ShukudaiQiita.release.xcconfig"; sourceTree = "<group>"; };
/* End PBXFileReference section */

/* Begin PBXFrameworksBuildPhase section */
		3B1C610025AF2C55008BAF90 /* Frameworks */ = {
			isa = PBXFrameworksBuildPhase;
			buildActionMask = 2147483647;
			files = (
				1A7A014ED1DDBD29ACAF79BC /* Pods_ShukudaiQiita.framework in Frameworks */,
			);
			runOnlyForDeploymentPostprocessing = 0;
		};
/* End PBXFrameworksBuildPhase section */

/* Begin PBXGroup section */
		3B1C60FA25AF2C54008BAF90 = {
			isa = PBXGroup;
			children = (
				3B1C610525AF2C55008BAF90 /* ShukudaiQiita */,
				3B1C610425AF2C55008BAF90 /* Products */,
				F6E4371D2BA2C2D1BDA117FF /* Pods */,
				AFF9D8A82692F7F33E17A7C9 /* Frameworks */,
			);
			sourceTree = "<group>";
		};
		3B1C610425AF2C55008BAF90 /* Products */ = {
			isa = PBXGroup;
			children = (
				3B1C610325AF2C55008BAF90 /* ShukudaiQiita.app */,
			);
			name = Products;
			sourceTree = "<group>";
		};
		3B1C610525AF2C55008BAF90 /* ShukudaiQiita */ = {
			isa = PBXGroup;
			children = (
				3B1C610625AF2C55008BAF90 /* AppDelegate.swift */,
				3B1C610825AF2C55008BAF90 /* SceneDelegate.swift */,
				3B1C610A25AF2C55008BAF90 /* ViewController.swift */,
				3B1C610C25AF2C55008BAF90 /* Main.storyboard */,
				3B1C610F25AF2C58008BAF90 /* Assets.xcassets */,
				3B1C611125AF2C58008BAF90 /* LaunchScreen.storyboard */,
				3B1C611425AF2C58008BAF90 /* Info.plist */,
			);
			path = ShukudaiQiita;
			sourceTree = "<group>";
		};
		AFF9D8A82692F7F33E17A7C9 /* Frameworks */ = {
			isa = PBXGroup;
			children = (
				827F42949FC42BEA9A2DB500 /* Pods_ShukudaiQiita.framework */,
			);
			name = Frameworks;
			sourceTree = "<group>";
		};
		F6E4371D2BA2C2D1BDA117FF /* Pods */ = {
			isa = PBXGroup;
			children = (
				771FDBACC27BBEB38CD78E78 /* Pods-ShukudaiQiita.debug.xcconfig */,
				B36406D66A24B86CB90D526F /* Pods-ShukudaiQiita.release.xcconfig */,
			);
			name = Pods;
			path = Pods;
			sourceTree = "<group>";
		};
/* End PBXGroup section */

/* Begin PBXNativeTarget section */
		3B1C610225AF2C55008BAF90 /* ShukudaiQiita */ = {
			isa = PBXNativeTarget;
			buildConfigurationList = 3B1C611725AF2C58008BAF90 /* Build configuration list for PBXNativeTarget "ShukudaiQiita" */;
			buildPhases = (
				8D835E0A1B06330B21E75E78 /* [CP] Check Pods Manifest.lock */,
				3B1C60FF25AF2C55008BAF90 /* Sources */,
				3B1C610025AF2C55008BAF90 /* Frameworks */,
				3B1C610125AF2C55008BAF90 /* Resources */,
				798A7684E6893D4367C8999F /* [CP] Embed Pods Frameworks */,
			);
			buildRules = (
			);
			dependencies = (
			);
			name = ShukudaiQiita;
			productName = ShukudaiQiita;
			productReference = 3B1C610325AF2C55008BAF90 /* ShukudaiQiita.app */;
			productType = "com.apple.product-type.application";
		};
/* End PBXNativeTarget section */

/* Begin PBXProject section */
		3B1C60FB25AF2C54008BAF90 /* Project object */ = {
			isa = PBXProject;
			attributes = {
				LastSwiftUpdateCheck = 1210;
				LastUpgradeCheck = 1210;
				TargetAttributes = {
					3B1C610225AF2C55008BAF90 = {
						CreatedOnToolsVersion = 12.1;
					};
				};
			};
			buildConfigurationList = 3B1C60FE25AF2C54008BAF90 /* Build configuration list for PBXProject "ShukudaiQiita" */;
			compatibilityVersion = "Xcode 9.3";
			developmentRegion = en;
			hasScannedForEncodings = 0;
			knownRegions = (
				en,
				Base,
			);
			mainGroup = 3B1C60FA25AF2C54008BAF90;
			productRefGroup = 3B1C610425AF2C55008BAF90 /* Products */;
			projectDirPath = "";
			projectRoot = "";
			targets = (
				3B1C610225AF2C55008BAF90 /* ShukudaiQiita */,
			);
		};
/* End PBXProject section */

/* Begin PBXResourcesBuildPhase section */
		3B1C610125AF2C55008BAF90 /* Resources */ = {
			isa = PBXResourcesBuildPhase;
			buildActionMask = 2147483647;
			files = (
				3B1C611325AF2C58008BAF90 /* LaunchScreen.storyboard in Resources */,
				3B1C611025AF2C58008BAF90 /* Assets.xcassets in Resources */,
				3B1C610E25AF2C55008BAF90 /* Main.storyboard in Resources */,
			);
			runOnlyForDeploymentPostprocessing = 0;
		};
/* End PBXResourcesBuildPhase section */

/* Begin PBXShellScriptBuildPhase section */
		798A7684E6893D4367C8999F /* [CP] Embed Pods Frameworks */ = {
			isa = PBXShellScriptBuildPhase;
			buildActionMask = 2147483647;
			files = (
			);
			inputFileListPaths = (
				"${PODS_ROOT}/Target Support Files/Pods-ShukudaiQiita/Pods-ShukudaiQiita-frameworks-${CONFIGURATION}-input-files.xcfilelist",
			);
			name = "[CP] Embed Pods Frameworks";
			outputFileListPaths = (
				"${PODS_ROOT}/Target Support Files/Pods-ShukudaiQiita/Pods-ShukudaiQiita-frameworks-${CONFIGURATION}-output-files.xcfilelist",
			);
			runOnlyForDeploymentPostprocessing = 0;
			shellPath = /bin/sh;
			shellScript = "\"${PODS_ROOT}/Target Support Files/Pods-ShukudaiQiita/Pods-ShukudaiQiita-frameworks.sh\"\n";
			showEnvVarsInLog = 0;
		};
		8D835E0A1B06330B21E75E78 /* [CP] Check Pods Manifest.lock */ = {
			isa = PBXShellScriptBuildPhase;
			buildActionMask = 2147483647;
			files = (
			);
			inputFileListPaths = (
			);
			inputPaths = (
				"${PODS_PODFILE_DIR_PATH}/Podfile.lock",
				"${PODS_ROOT}/Manifest.lock",
			);
			name = "[CP] Check Pods Manifest.lock";
			outputFileListPaths = (
			);
			outputPaths = (
				"$(DERIVED_FILE_DIR)/Pods-ShukudaiQiita-checkManifestLockResult.txt",
			);
			runOnlyForDeploymentPostprocessing = 0;
			shellPath = /bin/sh;
			shellScript = "diff \"${PODS_PODFILE_DIR_PATH}/Podfile.lock\" \"${PODS_ROOT}/Manifest.lock\" > /dev/null\nif [ $? != 0 ] ; then\n    # print error to STDERR\n    echo \"error: The sandbox is not in sync with the Podfile.lock. Run 'pod install' or update your CocoaPods installation.\" >&2\n    exit 1\nfi\n# This output is used by Xcode 'outputs' to avoid re-running this script phase.\necho \"SUCCESS\" > \"${SCRIPT_OUTPUT_FILE_0}\"\n";
			showEnvVarsInLog = 0;
		};
/* End PBXShellScriptBuildPhase section */

/* Begin PBXSourcesBuildPhase section */
		3B1C60FF25AF2C55008BAF90 /* Sources */ = {
			isa = PBXSourcesBuildPhase;
			buildActionMask = 2147483647;
			files = (
				3B1C610B25AF2C55008BAF90 /* ViewController.swift in Sources */,
				3B1C610725AF2C55008BAF90 /* AppDelegate.swift in Sources */,
				3B1C610925AF2C55008BAF90 /* SceneDelegate.swift in Sources */,
			);
			runOnlyForDeploymentPostprocessing = 0;
		};
/* End PBXSourcesBuildPhase section */

/* Begin PBXVariantGroup section */
		3B1C610C25AF2C55008BAF90 /* Main.storyboard */ = {
			isa = PBXVariantGroup;
			children = (
				3B1C610D25AF2C55008BAF90 /* Base */,
			);
			name = Main.storyboard;
			sourceTree = "<group>";
		};
		3B1C611125AF2C58008BAF90 /* LaunchScreen.storyboard */ = {
			isa = PBXVariantGroup;
			children = (
				3B1C611225AF2C58008BAF90 /* Base */,
			);
			name = LaunchScreen.storyboard;
			sourceTree = "<group>";
		};
/* End PBXVariantGroup section */

/* Begin XCBuildConfiguration section */
		3B1C611525AF2C58008BAF90 /* Debug */ = {
			isa = XCBuildConfiguration;
			buildSettings = {
				ALWAYS_SEARCH_USER_PATHS = NO;
				CLANG_ANALYZER_NONNULL = YES;
				CLANG_ANALYZER_NUMBER_OBJECT_CONVERSION = YES_AGGRESSIVE;
				CLANG_CXX_LANGUAGE_STANDARD = "gnu++14";
				CLANG_CXX_LIBRARY = "libc++";
				CLANG_ENABLE_MODULES = YES;
				CLANG_ENABLE_OBJC_ARC = YES;
				CLANG_ENABLE_OBJC_WEAK = YES;
				CLANG_WARN_BLOCK_CAPTURE_AUTORELEASING = YES;
				CLANG_WARN_BOOL_CONVERSION = YES;
				CLANG_WARN_COMMA = YES;
				CLANG_WARN_CONSTANT_CONVERSION = YES;
				CLANG_WARN_DEPRECATED_OBJC_IMPLEMENTATIONS = YES;
				CLANG_WARN_DIRECT_OBJC_ISA_USAGE = YES_ERROR;
				CLANG_WARN_DOCUMENTATION_COMMENTS = YES;
				CLANG_WARN_EMPTY_BODY = YES;
				CLANG_WARN_ENUM_CONVERSION = YES;
				CLANG_WARN_INFINITE_RECURSION = YES;
				CLANG_WARN_INT_CONVERSION = YES;
				CLANG_WARN_NON_LITERAL_NULL_CONVERSION = YES;
				CLANG_WARN_OBJC_IMPLICIT_RETAIN_SELF = YES;
				CLANG_WARN_OBJC_LITERAL_CONVERSION = YES;
				CLANG_WARN_OBJC_ROOT_CLASS = YES_ERROR;
				CLANG_WARN_QUOTED_INCLUDE_IN_FRAMEWORK_HEADER = YES;
				CLANG_WARN_RANGE_LOOP_ANALYSIS = YES;
				CLANG_WARN_STRICT_PROTOTYPES = YES;
				CLANG_WARN_SUSPICIOUS_MOVE = YES;
				CLANG_WARN_UNGUARDED_AVAILABILITY = YES_AGGRESSIVE;
				CLANG_WARN_UNREACHABLE_CODE = YES;
				CLANG_WARN__DUPLICATE_METHOD_MATCH = YES;
				COPY_PHASE_STRIP = NO;
				DEBUG_INFORMATION_FORMAT = dwarf;
				ENABLE_STRICT_OBJC_MSGSEND = YES;
				ENABLE_TESTABILITY = YES;
				GCC_C_LANGUAGE_STANDARD = gnu11;
				GCC_DYNAMIC_NO_PIC = NO;
				GCC_NO_COMMON_BLOCKS = YES;
				GCC_OPTIMIZATION_LEVEL = 0;
				GCC_PREPROCESSOR_DEFINITIONS = (
					"DEBUG=1",
					"$(inherited)",
				);
				GCC_WARN_64_TO_32_BIT_CONVERSION = YES;
				GCC_WARN_ABOUT_RETURN_TYPE = YES_ERROR;
				GCC_WARN_UNDECLARED_SELECTOR = YES;
				GCC_WARN_UNINITIALIZED_AUTOS = YES_AGGRESSIVE;
				GCC_WARN_UNUSED_FUNCTION = YES;
				GCC_WARN_UNUSED_VARIABLE = YES;
				IPHONEOS_DEPLOYMENT_TARGET = 14.1;
				MTL_ENABLE_DEBUG_INFO = INCLUDE_SOURCE;
				MTL_FAST_MATH = YES;
				ONLY_ACTIVE_ARCH = YES;
				SDKROOT = iphoneos;
				SWIFT_ACTIVE_COMPILATION_CONDITIONS = DEBUG;
				SWIFT_OPTIMIZATION_LEVEL = "-Onone";
			};
			name = Debug;
		};
		3B1C611625AF2C58008BAF90 /* Release */ = {
			isa = XCBuildConfiguration;
			buildSettings = {
				ALWAYS_SEARCH_USER_PATHS = NO;
				CLANG_ANALYZER_NONNULL = YES;
				CLANG_ANALYZER_NUMBER_OBJECT_CONVERSION = YES_AGGRESSIVE;
				CLANG_CXX_LANGUAGE_STANDARD = "gnu++14";
				CLANG_CXX_LIBRARY = "libc++";
				CLANG_ENABLE_MODULES = YES;
				CLANG_ENABLE_OBJC_ARC = YES;
				CLANG_ENABLE_OBJC_WEAK = YES;
				CLANG_WARN_BLOCK_CAPTURE_AUTORELEASING = YES;
				CLANG_WARN_BOOL_CONVERSION = YES;
				CLANG_WARN_COMMA = YES;
				CLANG_WARN_CONSTANT_CONVERSION = YES;
				CLANG_WARN_DEPRECATED_OBJC_IMPLEMENTATIONS = YES;
				CLANG_WARN_DIRECT_OBJC_ISA_USAGE = YES_ERROR;
				CLANG_WARN_DOCUMENTATION_COMMENTS = YES;
				CLANG_WARN_EMPTY_BODY = YES;
				CLANG_WARN_ENUM_CONVERSION = YES;
				CLANG_WARN_INFINITE_RECURSION = YES;
				CLANG_WARN_INT_CONVERSION = YES;
				CLANG_WARN_NON_LITERAL_NULL_CONVERSION = YES;
				CLANG_WARN_OBJC_IMPLICIT_RETAIN_SELF = YES;
				CLANG_WARN_OBJC_LITERAL_CONVERSION = YES;
				CLANG_WARN_OBJC_ROOT_CLASS = YES_ERROR;
				CLANG_WARN_QUOTED_INCLUDE_IN_FRAMEWORK_HEADER = YES;
				CLANG_WARN_RANGE_LOOP_ANALYSIS = YES;
				CLANG_WARN_STRICT_PROTOTYPES = YES;
				CLANG_WARN_SUSPICIOUS_MOVE = YES;
				CLANG_WARN_UNGUARDED_AVAILABILITY = YES_AGGRESSIVE;
				CLANG_WARN_UNREACHABLE_CODE = YES;
				CLANG_WARN__DUPLICATE_METHOD_MATCH = YES;
				COPY_PHASE_STRIP = NO;
				DEBUG_INFORMATION_FORMAT = "dwarf-with-dsym";
				ENABLE_NS_ASSERTIONS = NO;
				ENABLE_STRICT_OBJC_MSGSEND = YES;
				GCC_C_LANGUAGE_STANDARD = gnu11;
				GCC_NO_COMMON_BLOCKS = YES;
				GCC_WARN_64_TO_32_BIT_CONVERSION = YES;
				GCC_WARN_ABOUT_RETURN_TYPE = YES_ERROR;
				GCC_WARN_UNDECLARED_SELECTOR = YES;
				GCC_WARN_UNINITIALIZED_AUTOS = YES_AGGRESSIVE;
				GCC_WARN_UNUSED_FUNCTION = YES;
				GCC_WARN_UNUSED_VARIABLE = YES;
				IPHONEOS_DEPLOYMENT_TARGET = 14.1;
				MTL_ENABLE_DEBUG_INFO = NO;
				MTL_FAST_MATH = YES;
				SDKROOT = iphoneos;
				SWIFT_COMPILATION_MODE = wholemodule;
				SWIFT_OPTIMIZATION_LEVEL = "-O";
				VALIDATE_PRODUCT = YES;
			};
			name = Release;
		};
		3B1C611825AF2C58008BAF90 /* Debug */ = {
			isa = XCBuildConfiguration;
			baseConfigurationReference = 771FDBACC27BBEB38CD78E78 /* Pods-ShukudaiQiita.debug.xcconfig */;
			buildSettings = {
				ASSETCATALOG_COMPILER_APPICON_NAME = AppIcon;
				ASSETCATALOG_COMPILER_GLOBAL_ACCENT_COLOR_NAME = AccentColor;
				CODE_SIGN_STYLE = Automatic;
				DEVELOPMENT_TEAM = MZS6GWM7ZN;
				INFOPLIST_FILE = ShukudaiQiita/Info.plist;
				LD_RUNPATH_SEARCH_PATHS = (
					"$(inherited)",
					"@executable_path/Frameworks",
				);
				PRODUCT_BUNDLE_IDENTIFIER = com.antk.ShukudaiQiita;
				PRODUCT_NAME = "$(TARGET_NAME)";
				SWIFT_VERSION = 5.0;
				TARGETED_DEVICE_FAMILY = 1;
			};
			name = Debug;
		};
		3B1C611925AF2C58008BAF90 /* Release */ = {
			isa = XCBuildConfiguration;
			baseConfigurationReference = B36406D66A24B86CB90D526F /* Pods-ShukudaiQiita.release.xcconfig */;
			buildSettings = {
				ASSETCATALOG_COMPILER_APPICON_NAME = AppIcon;
				ASSETCATALOG_COMPILER_GLOBAL_ACCENT_COLOR_NAME = AccentColor;
				CODE_SIGN_STYLE = Automatic;
				DEVELOPMENT_TEAM = MZS6GWM7ZN;
				INFOPLIST_FILE = ShukudaiQiita/Info.plist;
				LD_RUNPATH_SEARCH_PATHS = (
					"$(inherited)",
					"@executable_path/Frameworks",
				);
				PRODUCT_BUNDLE_IDENTIFIER = com.antk.ShukudaiQiita;
				PRODUCT_NAME = "$(TARGET_NAME)";
				SWIFT_VERSION = 5.0;
				TARGETED_DEVICE_FAMILY = 1;
			};
			name = Release;
		};
/* End XCBuildConfiguration section */

/* Begin XCConfigurationList section */
		3B1C60FE25AF2C54008BAF90 /* Build configuration list for PBXProject "ShukudaiQiita" */ = {
			isa = XCConfigurationList;
			buildConfigurations = (
				3B1C611525AF2C58008BAF90 /* Debug */,
				3B1C611625AF2C58008BAF90 /* Release */,
			);
			defaultConfigurationIsVisible = 0;
			defaultConfigurationName = Release;
		};
		3B1C611725AF2C58008BAF90 /* Build configuration list for PBXNativeTarget "ShukudaiQiita" */ = {
			isa = XCConfigurationList;
			buildConfigurations = (
				3B1C611825AF2C58008BAF90 /* Debug */,
				3B1C611925AF2C58008BAF90 /* Release */,
			);
			defaultConfigurationIsVisible = 0;
			defaultConfigurationName = Release;
		};
/* End XCConfigurationList section */
	};
	rootObject = 3B1C60FB25AF2C54008BAF90 /* Project object */;
}
